// !$*UTF8*$!
{
	archiveVersion = 1;
	classes = {
	};
	objectVersion = 56;
	objects = {

/* Begin PBXBuildFile section */
		E99B3A282CA800BE000847E8 /* TestTaskApp.swift in Sources */ = {isa = PBXBuildFile; fileRef = E99B3A272CA800BE000847E8 /* TestTaskApp.swift */; };
		E99B3A2A2CA800BE000847E8 /* UsersListView.swift in Sources */ = {isa = PBXBuildFile; fileRef = E99B3A292CA800BE000847E8 /* UsersListView.swift */; };
		E99B3A2C2CA800C0000847E8 /* Assets.xcassets in Resources */ = {isa = PBXBuildFile; fileRef = E99B3A2B2CA800C0000847E8 /* Assets.xcassets */; };
		E99B3A2F2CA800C0000847E8 /* Preview Assets.xcassets in Resources */ = {isa = PBXBuildFile; fileRef = E99B3A2E2CA800C0000847E8 /* Preview Assets.xcassets */; };
		E99B3A382CA804E4000847E8 /* Nunito-SemiBold.ttf in Resources */ = {isa = PBXBuildFile; fileRef = E99B3A372CA804E4000847E8 /* Nunito-SemiBold.ttf */; };
		E99B3A3A2CA804F6000847E8 /* Nunito-Regular.ttf in Resources */ = {isa = PBXBuildFile; fileRef = E99B3A392CA804F6000847E8 /* Nunito-Regular.ttf */; };
		E99B3A3F2CA80C86000847E8 /* AppStyles.swift in Sources */ = {isa = PBXBuildFile; fileRef = E99B3A3E2CA80C86000847E8 /* AppStyles.swift */; };
		E99B3A432CA814DA000847E8 /* PrimaryButton.swift in Sources */ = {isa = PBXBuildFile; fileRef = E99B3A422CA814D9000847E8 /* PrimaryButton.swift */; };
		E99B3A452CA82866000847E8 /* FloatingTextField.swift in Sources */ = {isa = PBXBuildFile; fileRef = E99B3A442CA82866000847E8 /* FloatingTextField.swift */; };
		E99B3A4B2CA8459D000847E8 /* UsersResponse.swift in Sources */ = {isa = PBXBuildFile; fileRef = E99B3A4A2CA8459D000847E8 /* UsersResponse.swift */; };
		E99B3A502CA85460000847E8 /* Endpoint.swift in Sources */ = {isa = PBXBuildFile; fileRef = E99B3A4F2CA85460000847E8 /* Endpoint.swift */; };
		E99B3A522CA85467000847E8 /* HTTPClient.swift in Sources */ = {isa = PBXBuildFile; fileRef = E99B3A512CA85467000847E8 /* HTTPClient.swift */; };
		E99B3A542CA8546D000847E8 /* HTTPMethod.swift in Sources */ = {isa = PBXBuildFile; fileRef = E99B3A532CA8546D000847E8 /* HTTPMethod.swift */; };
		E99B3A562CA85472000847E8 /* NetworkError.swift in Sources */ = {isa = PBXBuildFile; fileRef = E99B3A552CA85472000847E8 /* NetworkError.swift */; };
		E99B3A582CA85478000847E8 /* APIConfiguration.swift in Sources */ = {isa = PBXBuildFile; fileRef = E99B3A572CA85478000847E8 /* APIConfiguration.swift */; };
		E99B3A5A2CA8547D000847E8 /* APIEndpoint.swift in Sources */ = {isa = PBXBuildFile; fileRef = E99B3A592CA8547D000847E8 /* APIEndpoint.swift */; };
		E99B3A5D2CA854D1000847E8 /* UsersBaseService.swift in Sources */ = {isa = PBXBuildFile; fileRef = E99B3A5C2CA854D1000847E8 /* UsersBaseService.swift */; };
		E99B3A5F2CA854E4000847E8 /* UsersBaseConfig.swift in Sources */ = {isa = PBXBuildFile; fileRef = E99B3A5E2CA854E4000847E8 /* UsersBaseConfig.swift */; };
		E99B3A612CA86A06000847E8 /* APIRequestParams.swift in Sources */ = {isa = PBXBuildFile; fileRef = E99B3A602CA86A06000847E8 /* APIRequestParams.swift */; };
		E99B3A632CA86A43000847E8 /* UserResponse.swift in Sources */ = {isa = PBXBuildFile; fileRef = E99B3A622CA86A43000847E8 /* UserResponse.swift */; };
		E99B3A652CA86B51000847E8 /* LinkResponse.swift in Sources */ = {isa = PBXBuildFile; fileRef = E99B3A642CA86B51000847E8 /* LinkResponse.swift */; };
		E99B3A682CA8747F000847E8 /* UsersListViewModel.swift in Sources */ = {isa = PBXBuildFile; fileRef = E99B3A672CA8747F000847E8 /* UsersListViewModel.swift */; };
		E99B3A6C2CA8764A000847E8 /* UserCard.swift in Sources */ = {isa = PBXBuildFile; fileRef = E99B3A6B2CA8764A000847E8 /* UserCard.swift */; };
		E99B3A7C2CA95C93000847E8 /* RootView.swift in Sources */ = {isa = PBXBuildFile; fileRef = E99B3A7B2CA95C93000847E8 /* RootView.swift */; };
		E99B3A7E2CA96330000847E8 /* DashboardTabItem.swift in Sources */ = {isa = PBXBuildFile; fileRef = E99B3A7D2CA96330000847E8 /* DashboardTabItem.swift */; };
		E99B3A802CA96B28000847E8 /* DashboardTabItemView.swift in Sources */ = {isa = PBXBuildFile; fileRef = E99B3A7F2CA96B28000847E8 /* DashboardTabItemView.swift */; };
		E99B3A832CA96CE9000847E8 /* UploadButton.swift in Sources */ = {isa = PBXBuildFile; fileRef = E99B3A822CA96CE9000847E8 /* UploadButton.swift */; };
		E99B3A852CA96D24000847E8 /* UserSignupView.swift in Sources */ = {isa = PBXBuildFile; fileRef = E99B3A842CA96D24000847E8 /* UserSignupView.swift */; };
		E99B3A882CA97320000847E8 /* Aliases.swift in Sources */ = {isa = PBXBuildFile; fileRef = E99B3A872CA97320000847E8 /* Aliases.swift */; };
		E99B3A8B2CA9733D000847E8 /* String+Empty.swift in Sources */ = {isa = PBXBuildFile; fileRef = E99B3A8A2CA9733D000847E8 /* String+Empty.swift */; };
		E99B3A8F2CA976BC000847E8 /* PermissionManager.swift in Sources */ = {isa = PBXBuildFile; fileRef = E99B3A8E2CA976BC000847E8 /* PermissionManager.swift */; };
		E99B3A912CA97983000847E8 /* UserSignupViewModel.swift in Sources */ = {isa = PBXBuildFile; fileRef = E99B3A902CA97983000847E8 /* UserSignupViewModel.swift */; };
		E99B3A932CA979A2000847E8 /* ImagePicker.swift in Sources */ = {isa = PBXBuildFile; fileRef = E99B3A922CA979A2000847E8 /* ImagePicker.swift */; };
		E99B3A962CA97C07000847E8 /* PermissionAlertModifier.swift in Sources */ = {isa = PBXBuildFile; fileRef = E99B3A952CA97C07000847E8 /* PermissionAlertModifier.swift */; };
/* End PBXBuildFile section */

/* Begin PBXFileReference section */
		E99B3A242CA800BE000847E8 /* TestTask.app */ = {isa = PBXFileReference; explicitFileType = wrapper.application; includeInIndex = 0; path = TestTask.app; sourceTree = BUILT_PRODUCTS_DIR; };
		E99B3A272CA800BE000847E8 /* TestTaskApp.swift */ = {isa = PBXFileReference; lastKnownFileType = sourcecode.swift; path = TestTaskApp.swift; sourceTree = "<group>"; };
		E99B3A292CA800BE000847E8 /* UsersListView.swift */ = {isa = PBXFileReference; lastKnownFileType = sourcecode.swift; path = UsersListView.swift; sourceTree = "<group>"; };
		E99B3A2B2CA800C0000847E8 /* Assets.xcassets */ = {isa = PBXFileReference; lastKnownFileType = folder.assetcatalog; path = Assets.xcassets; sourceTree = "<group>"; };
		E99B3A2E2CA800C0000847E8 /* Preview Assets.xcassets */ = {isa = PBXFileReference; lastKnownFileType = folder.assetcatalog; path = "Preview Assets.xcassets"; sourceTree = "<group>"; };
		E99B3A372CA804E4000847E8 /* Nunito-SemiBold.ttf */ = {isa = PBXFileReference; lastKnownFileType = file; path = "Nunito-SemiBold.ttf"; sourceTree = "<group>"; };
		E99B3A392CA804F6000847E8 /* Nunito-Regular.ttf */ = {isa = PBXFileReference; lastKnownFileType = file; path = "Nunito-Regular.ttf"; sourceTree = "<group>"; };
		E99B3A3B2CA8055E000847E8 /* Info.plist */ = {isa = PBXFileReference; lastKnownFileType = text.plist.xml; path = Info.plist; sourceTree = "<group>"; };
		E99B3A3E2CA80C86000847E8 /* AppStyles.swift */ = {isa = PBXFileReference; lastKnownFileType = sourcecode.swift; path = AppStyles.swift; sourceTree = "<group>"; };
		E99B3A422CA814D9000847E8 /* PrimaryButton.swift */ = {isa = PBXFileReference; lastKnownFileType = sourcecode.swift; path = PrimaryButton.swift; sourceTree = "<group>"; };
		E99B3A442CA82866000847E8 /* FloatingTextField.swift */ = {isa = PBXFileReference; lastKnownFileType = sourcecode.swift; path = FloatingTextField.swift; sourceTree = "<group>"; };
		E99B3A4A2CA8459D000847E8 /* UsersResponse.swift */ = {isa = PBXFileReference; lastKnownFileType = sourcecode.swift; path = UsersResponse.swift; sourceTree = "<group>"; };
		E99B3A4F2CA85460000847E8 /* Endpoint.swift */ = {isa = PBXFileReference; lastKnownFileType = sourcecode.swift; path = Endpoint.swift; sourceTree = "<group>"; };
		E99B3A512CA85467000847E8 /* HTTPClient.swift */ = {isa = PBXFileReference; lastKnownFileType = sourcecode.swift; path = HTTPClient.swift; sourceTree = "<group>"; };
		E99B3A532CA8546D000847E8 /* HTTPMethod.swift */ = {isa = PBXFileReference; lastKnownFileType = sourcecode.swift; path = HTTPMethod.swift; sourceTree = "<group>"; };
		E99B3A552CA85472000847E8 /* NetworkError.swift */ = {isa = PBXFileReference; lastKnownFileType = sourcecode.swift; path = NetworkError.swift; sourceTree = "<group>"; };
		E99B3A572CA85478000847E8 /* APIConfiguration.swift */ = {isa = PBXFileReference; lastKnownFileType = sourcecode.swift; path = APIConfiguration.swift; sourceTree = "<group>"; };
		E99B3A592CA8547D000847E8 /* APIEndpoint.swift */ = {isa = PBXFileReference; lastKnownFileType = sourcecode.swift; path = APIEndpoint.swift; sourceTree = "<group>"; };
		E99B3A5C2CA854D1000847E8 /* UsersBaseService.swift */ = {isa = PBXFileReference; lastKnownFileType = sourcecode.swift; path = UsersBaseService.swift; sourceTree = "<group>"; };
		E99B3A5E2CA854E4000847E8 /* UsersBaseConfig.swift */ = {isa = PBXFileReference; lastKnownFileType = sourcecode.swift; path = UsersBaseConfig.swift; sourceTree = "<group>"; };
		E99B3A602CA86A06000847E8 /* APIRequestParams.swift */ = {isa = PBXFileReference; lastKnownFileType = sourcecode.swift; path = APIRequestParams.swift; sourceTree = "<group>"; };
		E99B3A622CA86A43000847E8 /* UserResponse.swift */ = {isa = PBXFileReference; lastKnownFileType = sourcecode.swift; path = UserResponse.swift; sourceTree = "<group>"; };
		E99B3A642CA86B51000847E8 /* LinkResponse.swift */ = {isa = PBXFileReference; lastKnownFileType = sourcecode.swift; path = LinkResponse.swift; sourceTree = "<group>"; };
		E99B3A672CA8747F000847E8 /* UsersListViewModel.swift */ = {isa = PBXFileReference; lastKnownFileType = sourcecode.swift; path = UsersListViewModel.swift; sourceTree = "<group>"; };
		E99B3A6B2CA8764A000847E8 /* UserCard.swift */ = {isa = PBXFileReference; lastKnownFileType = sourcecode.swift; path = UserCard.swift; sourceTree = "<group>"; };
		E99B3A7B2CA95C93000847E8 /* RootView.swift */ = {isa = PBXFileReference; lastKnownFileType = sourcecode.swift; path = RootView.swift; sourceTree = "<group>"; };
		E99B3A7D2CA96330000847E8 /* DashboardTabItem.swift */ = {isa = PBXFileReference; lastKnownFileType = sourcecode.swift; path = DashboardTabItem.swift; sourceTree = "<group>"; };
		E99B3A7F2CA96B28000847E8 /* DashboardTabItemView.swift */ = {isa = PBXFileReference; lastKnownFileType = sourcecode.swift; path = DashboardTabItemView.swift; sourceTree = "<group>"; };
		E99B3A822CA96CE9000847E8 /* UploadButton.swift */ = {isa = PBXFileReference; lastKnownFileType = sourcecode.swift; path = UploadButton.swift; sourceTree = "<group>"; };
		E99B3A842CA96D24000847E8 /* UserSignupView.swift */ = {isa = PBXFileReference; lastKnownFileType = sourcecode.swift; path = UserSignupView.swift; sourceTree = "<group>"; };
		E99B3A872CA97320000847E8 /* Aliases.swift */ = {isa = PBXFileReference; lastKnownFileType = sourcecode.swift; path = Aliases.swift; sourceTree = "<group>"; };
		E99B3A8A2CA9733D000847E8 /* String+Empty.swift */ = {isa = PBXFileReference; lastKnownFileType = sourcecode.swift; path = "String+Empty.swift"; sourceTree = "<group>"; };
		E99B3A8E2CA976BC000847E8 /* PermissionManager.swift */ = {isa = PBXFileReference; lastKnownFileType = sourcecode.swift; path = PermissionManager.swift; sourceTree = "<group>"; };
		E99B3A902CA97983000847E8 /* UserSignupViewModel.swift */ = {isa = PBXFileReference; lastKnownFileType = sourcecode.swift; path = UserSignupViewModel.swift; sourceTree = "<group>"; };
		E99B3A922CA979A2000847E8 /* ImagePicker.swift */ = {isa = PBXFileReference; lastKnownFileType = sourcecode.swift; path = ImagePicker.swift; sourceTree = "<group>"; };
		E99B3A952CA97C07000847E8 /* PermissionAlertModifier.swift */ = {isa = PBXFileReference; lastKnownFileType = sourcecode.swift; path = PermissionAlertModifier.swift; sourceTree = "<group>"; };
/* End PBXFileReference section */

/* Begin PBXFrameworksBuildPhase section */
		E99B3A212CA800BE000847E8 /* Frameworks */ = {
			isa = PBXFrameworksBuildPhase;
			buildActionMask = 2147483647;
			files = (
			);
			runOnlyForDeploymentPostprocessing = 0;
		};
/* End PBXFrameworksBuildPhase section */

/* Begin PBXGroup section */
		E99B3A1B2CA800BE000847E8 = {
			isa = PBXGroup;
			children = (
				E99B3A262CA800BE000847E8 /* TestTask */,
				E99B3A252CA800BE000847E8 /* Products */,
			);
			sourceTree = "<group>";
		};
		E99B3A252CA800BE000847E8 /* Products */ = {
			isa = PBXGroup;
			children = (
				E99B3A242CA800BE000847E8 /* TestTask.app */,
			);
			name = Products;
			sourceTree = "<group>";
		};
		E99B3A262CA800BE000847E8 /* TestTask */ = {
			isa = PBXGroup;
			children = (
				E99B3A3C2CA8085D000847E8 /* Application */,
				E99B3A3D2CA80C7A000847E8 /* Common */,
				E99B3A662CA873E6000847E8 /* Features */,
				E99B3A352CA80471000847E8 /* Resources */,
			);
			path = TestTask;
			sourceTree = "<group>";
		};
		E99B3A2D2CA800C0000847E8 /* Preview Content */ = {
			isa = PBXGroup;
			children = (
				E99B3A2E2CA800C0000847E8 /* Preview Assets.xcassets */,
			);
			path = "Preview Content";
			sourceTree = "<group>";
		};
		E99B3A352CA80471000847E8 /* Resources */ = {
			isa = PBXGroup;
			children = (
				E99B3A2B2CA800C0000847E8 /* Assets.xcassets */,
				E99B3A362CA804BD000847E8 /* Fonts */,
				E99B3A3B2CA8055E000847E8 /* Info.plist */,
				E99B3A2D2CA800C0000847E8 /* Preview Content */,
			);
			path = Resources;
			sourceTree = "<group>";
		};
		E99B3A362CA804BD000847E8 /* Fonts */ = {
			isa = PBXGroup;
			children = (
				E99B3A392CA804F6000847E8 /* Nunito-Regular.ttf */,
				E99B3A372CA804E4000847E8 /* Nunito-SemiBold.ttf */,
			);
			path = Fonts;
			sourceTree = "<group>";
		};
		E99B3A3C2CA8085D000847E8 /* Application */ = {
			isa = PBXGroup;
			children = (
				E99B3A272CA800BE000847E8 /* TestTaskApp.swift */,
			);
			path = Application;
			sourceTree = "<group>";
		};
		E99B3A3D2CA80C7A000847E8 /* Common */ = {
			isa = PBXGroup;
			children = (
				E99B3A462CA8413A000847E8 /* Networking */,
				E99B3A402CA80C8A000847E8 /* Styles */,
				E99B3A412CA814C4000847E8 /* UIComponents */,
				E99B3A8C2CA97698000847E8 /* Utility */,
			);
			path = Common;
			sourceTree = "<group>";
		};
		E99B3A402CA80C8A000847E8 /* Styles */ = {
			isa = PBXGroup;
			children = (
				E99B3A3E2CA80C86000847E8 /* AppStyles.swift */,
			);
			path = Styles;
			sourceTree = "<group>";
		};
		E99B3A412CA814C4000847E8 /* UIComponents */ = {
			isa = PBXGroup;
			children = (
				E99B3A942CA97BF3000847E8 /* ViewModifiers */,
				E99B3A422CA814D9000847E8 /* PrimaryButton.swift */,
				E99B3A442CA82866000847E8 /* FloatingTextField.swift */,
				E99B3A822CA96CE9000847E8 /* UploadButton.swift */,
				E99B3A922CA979A2000847E8 /* ImagePicker.swift */,
			);
			path = UIComponents;
			sourceTree = "<group>";
		};
		E99B3A462CA8413A000847E8 /* Networking */ = {
			isa = PBXGroup;
			children = (
				E99B3A4E2CA8544E000847E8 /* Common */,
				E99B3A492CA844EF000847E8 /* Model */,
				E99B3A5B2CA854BA000847E8 /* UsersBaseService */,
			);
			path = Networking;
			sourceTree = "<group>";
		};
		E99B3A492CA844EF000847E8 /* Model */ = {
			isa = PBXGroup;
			children = (
				E99B3A4A2CA8459D000847E8 /* UsersResponse.swift */,
				E99B3A622CA86A43000847E8 /* UserResponse.swift */,
				E99B3A642CA86B51000847E8 /* LinkResponse.swift */,
			);
			path = Model;
			sourceTree = "<group>";
		};
		E99B3A4E2CA8544E000847E8 /* Common */ = {
			isa = PBXGroup;
			children = (
				E99B3A572CA85478000847E8 /* APIConfiguration.swift */,
				E99B3A592CA8547D000847E8 /* APIEndpoint.swift */,
				E99B3A4F2CA85460000847E8 /* Endpoint.swift */,
				E99B3A512CA85467000847E8 /* HTTPClient.swift */,
				E99B3A532CA8546D000847E8 /* HTTPMethod.swift */,
				E99B3A552CA85472000847E8 /* NetworkError.swift */,
			);
			path = Common;
			sourceTree = "<group>";
		};
		E99B3A5B2CA854BA000847E8 /* UsersBaseService */ = {
			isa = PBXGroup;
			children = (
				E99B3A602CA86A06000847E8 /* APIRequestParams.swift */,
				E99B3A5E2CA854E4000847E8 /* UsersBaseConfig.swift */,
				E99B3A5C2CA854D1000847E8 /* UsersBaseService.swift */,
			);
			path = UsersBaseService;
			sourceTree = "<group>";
		};
		E99B3A662CA873E6000847E8 /* Features */ = {
			isa = PBXGroup;
			children = (
				E99B3A7A2CA95C45000847E8 /* Root */,
				E99B3A792CA95C3A000847E8 /* UserSignup */,
				E99B3A692CA87516000847E8 /* UsersList */,
			);
			path = Features;
			sourceTree = "<group>";
		};
		E99B3A692CA87516000847E8 /* UsersList */ = {
			isa = PBXGroup;
			children = (
				E99B3A6A2CA87641000847E8 /* Cell */,
				E99B3A292CA800BE000847E8 /* UsersListView.swift */,
				E99B3A672CA8747F000847E8 /* UsersListViewModel.swift */,
			);
			path = UsersList;
			sourceTree = "<group>";
		};
		E99B3A6A2CA87641000847E8 /* Cell */ = {
			isa = PBXGroup;
			children = (
				E99B3A6B2CA8764A000847E8 /* UserCard.swift */,
			);
			path = Cell;
			sourceTree = "<group>";
		};
		E99B3A792CA95C3A000847E8 /* UserSignup */ = {
			isa = PBXGroup;
			children = (
				E99B3A842CA96D24000847E8 /* UserSignupView.swift */,
				E99B3A902CA97983000847E8 /* UserSignupViewModel.swift */,
			);
			path = UserSignup;
			sourceTree = "<group>";
		};
		E99B3A7A2CA95C45000847E8 /* Root */ = {
			isa = PBXGroup;
			children = (
				E99B3A7B2CA95C93000847E8 /* RootView.swift */,
				E99B3A812CA96B4A000847E8 /* TabView */,
			);
			path = Root;
			sourceTree = "<group>";
		};
		E99B3A812CA96B4A000847E8 /* TabView */ = {
			isa = PBXGroup;
			children = (
				E99B3A7D2CA96330000847E8 /* DashboardTabItem.swift */,
				E99B3A7F2CA96B28000847E8 /* DashboardTabItemView.swift */,
			);
			path = TabView;
			sourceTree = "<group>";
		};
		E99B3A862CA97318000847E8 /* Aliases */ = {
			isa = PBXGroup;
			children = (
				E99B3A872CA97320000847E8 /* Aliases.swift */,
			);
			path = Aliases;
			sourceTree = "<group>";
		};
		E99B3A892CA97334000847E8 /* Extensions */ = {
			isa = PBXGroup;
			children = (
				E99B3A8A2CA9733D000847E8 /* String+Empty.swift */,
			);
			path = Extensions;
			sourceTree = "<group>";
		};
		E99B3A8C2CA97698000847E8 /* Utility */ = {
			isa = PBXGroup;
			children = (
				E99B3A862CA97318000847E8 /* Aliases */,
				E99B3A892CA97334000847E8 /* Extensions */,
				E99B3A8D2CA976A2000847E8 /* Permissions */,
			);
			path = Utility;
			sourceTree = "<group>";
		};
		E99B3A8D2CA976A2000847E8 /* Permissions */ = {
			isa = PBXGroup;
			children = (
				E99B3A8E2CA976BC000847E8 /* PermissionManager.swift */,
			);
			path = Permissions;
			sourceTree = "<group>";
		};
		E99B3A942CA97BF3000847E8 /* ViewModifiers */ = {
			isa = PBXGroup;
			children = (
				E99B3A952CA97C07000847E8 /* PermissionAlertModifier.swift */,
			);
			path = ViewModifiers;
			sourceTree = "<group>";
		};
/* End PBXGroup section */

/* Begin PBXNativeTarget section */
		E99B3A232CA800BE000847E8 /* TestTask */ = {
			isa = PBXNativeTarget;
			buildConfigurationList = E99B3A322CA800C0000847E8 /* Build configuration list for PBXNativeTarget "TestTask" */;
			buildPhases = (
				E99B3A202CA800BE000847E8 /* Sources */,
				E99B3A212CA800BE000847E8 /* Frameworks */,
				E99B3A222CA800BE000847E8 /* Resources */,
			);
			buildRules = (
			);
			dependencies = (
			);
			name = TestTask;
			productName = TestTask;
			productReference = E99B3A242CA800BE000847E8 /* TestTask.app */;
			productType = "com.apple.product-type.application";
		};
/* End PBXNativeTarget section */

/* Begin PBXProject section */
		E99B3A1C2CA800BE000847E8 /* Project object */ = {
			isa = PBXProject;
			attributes = {
				BuildIndependentTargetsInParallel = 1;
				LastSwiftUpdateCheck = 1540;
				LastUpgradeCheck = 1540;
				TargetAttributes = {
					E99B3A232CA800BE000847E8 = {
						CreatedOnToolsVersion = 15.4;
					};
				};
			};
			buildConfigurationList = E99B3A1F2CA800BE000847E8 /* Build configuration list for PBXProject "TestTask" */;
			compatibilityVersion = "Xcode 14.0";
			developmentRegion = en;
			hasScannedForEncodings = 0;
			knownRegions = (
				en,
				Base,
			);
			mainGroup = E99B3A1B2CA800BE000847E8;
			productRefGroup = E99B3A252CA800BE000847E8 /* Products */;
			projectDirPath = "";
			projectRoot = "";
			targets = (
				E99B3A232CA800BE000847E8 /* TestTask */,
			);
		};
/* End PBXProject section */

/* Begin PBXResourcesBuildPhase section */
		E99B3A222CA800BE000847E8 /* Resources */ = {
			isa = PBXResourcesBuildPhase;
			buildActionMask = 2147483647;
			files = (
				E99B3A382CA804E4000847E8 /* Nunito-SemiBold.ttf in Resources */,
				E99B3A2F2CA800C0000847E8 /* Preview Assets.xcassets in Resources */,
				E99B3A3A2CA804F6000847E8 /* Nunito-Regular.ttf in Resources */,
				E99B3A2C2CA800C0000847E8 /* Assets.xcassets in Resources */,
			);
			runOnlyForDeploymentPostprocessing = 0;
		};
/* End PBXResourcesBuildPhase section */

/* Begin PBXSourcesBuildPhase section */
		E99B3A202CA800BE000847E8 /* Sources */ = {
			isa = PBXSourcesBuildPhase;
			buildActionMask = 2147483647;
			files = (
				E99B3A652CA86B51000847E8 /* LinkResponse.swift in Sources */,
				E99B3A3F2CA80C86000847E8 /* AppStyles.swift in Sources */,
				E99B3A5F2CA854E4000847E8 /* UsersBaseConfig.swift in Sources */,
				E99B3A2A2CA800BE000847E8 /* UsersListView.swift in Sources */,
				E99B3A7C2CA95C93000847E8 /* RootView.swift in Sources */,
				E99B3A882CA97320000847E8 /* Aliases.swift in Sources */,
				E99B3A502CA85460000847E8 /* Endpoint.swift in Sources */,
				E99B3A632CA86A43000847E8 /* UserResponse.swift in Sources */,
				E99B3A852CA96D24000847E8 /* UserSignupView.swift in Sources */,
				E99B3A432CA814DA000847E8 /* PrimaryButton.swift in Sources */,
				E99B3A8B2CA9733D000847E8 /* String+Empty.swift in Sources */,
				E99B3A8F2CA976BC000847E8 /* PermissionManager.swift in Sources */,
				E99B3A962CA97C07000847E8 /* PermissionAlertModifier.swift in Sources */,
				E99B3A452CA82866000847E8 /* FloatingTextField.swift in Sources */,
				E99B3A5A2CA8547D000847E8 /* APIEndpoint.swift in Sources */,
				E99B3A522CA85467000847E8 /* HTTPClient.swift in Sources */,
				E99B3A612CA86A06000847E8 /* APIRequestParams.swift in Sources */,
				E99B3A282CA800BE000847E8 /* TestTaskApp.swift in Sources */,
				E99B3A932CA979A2000847E8 /* ImagePicker.swift in Sources */,
				E99B3A912CA97983000847E8 /* UserSignupViewModel.swift in Sources */,
				E99B3A4B2CA8459D000847E8 /* UsersResponse.swift in Sources */,
				E99B3A682CA8747F000847E8 /* UsersListViewModel.swift in Sources */,
				E99B3A832CA96CE9000847E8 /* UploadButton.swift in Sources */,
				E99B3A5D2CA854D1000847E8 /* UsersBaseService.swift in Sources */,
				E99B3A542CA8546D000847E8 /* HTTPMethod.swift in Sources */,
				E99B3A7E2CA96330000847E8 /* DashboardTabItem.swift in Sources */,
				E99B3A802CA96B28000847E8 /* DashboardTabItemView.swift in Sources */,
				E99B3A6C2CA8764A000847E8 /* UserCard.swift in Sources */,
				E99B3A562CA85472000847E8 /* NetworkError.swift in Sources */,
				E99B3A582CA85478000847E8 /* APIConfiguration.swift in Sources */,
			);
			runOnlyForDeploymentPostprocessing = 0;
		};
/* End PBXSourcesBuildPhase section */

/* Begin XCBuildConfiguration section */
		E99B3A302CA800C0000847E8 /* Debug */ = {
			isa = XCBuildConfiguration;
			buildSettings = {
				ALWAYS_SEARCH_USER_PATHS = NO;
				ASSETCATALOG_COMPILER_GENERATE_SWIFT_ASSET_SYMBOL_EXTENSIONS = YES;
				CLANG_ANALYZER_NONNULL = YES;
				CLANG_ANALYZER_NUMBER_OBJECT_CONVERSION = YES_AGGRESSIVE;
				CLANG_CXX_LANGUAGE_STANDARD = "gnu++20";
				CLANG_ENABLE_MODULES = YES;
				CLANG_ENABLE_OBJC_ARC = YES;
				CLANG_ENABLE_OBJC_WEAK = YES;
				CLANG_WARN_BLOCK_CAPTURE_AUTORELEASING = YES;
				CLANG_WARN_BOOL_CONVERSION = YES;
				CLANG_WARN_COMMA = YES;
				CLANG_WARN_CONSTANT_CONVERSION = YES;
				CLANG_WARN_DEPRECATED_OBJC_IMPLEMENTATIONS = YES;
				CLANG_WARN_DIRECT_OBJC_ISA_USAGE = YES_ERROR;
				CLANG_WARN_DOCUMENTATION_COMMENTS = YES;
				CLANG_WARN_EMPTY_BODY = YES;
				CLANG_WARN_ENUM_CONVERSION = YES;
				CLANG_WARN_INFINITE_RECURSION = YES;
				CLANG_WARN_INT_CONVERSION = YES;
				CLANG_WARN_NON_LITERAL_NULL_CONVERSION = YES;
				CLANG_WARN_OBJC_IMPLICIT_RETAIN_SELF = YES;
				CLANG_WARN_OBJC_LITERAL_CONVERSION = YES;
				CLANG_WARN_OBJC_ROOT_CLASS = YES_ERROR;
				CLANG_WARN_QUOTED_INCLUDE_IN_FRAMEWORK_HEADER = YES;
				CLANG_WARN_RANGE_LOOP_ANALYSIS = YES;
				CLANG_WARN_STRICT_PROTOTYPES = YES;
				CLANG_WARN_SUSPICIOUS_MOVE = YES;
				CLANG_WARN_UNGUARDED_AVAILABILITY = YES_AGGRESSIVE;
				CLANG_WARN_UNREACHABLE_CODE = YES;
				CLANG_WARN__DUPLICATE_METHOD_MATCH = YES;
				COPY_PHASE_STRIP = NO;
				DEBUG_INFORMATION_FORMAT = dwarf;
				ENABLE_STRICT_OBJC_MSGSEND = YES;
				ENABLE_TESTABILITY = YES;
				ENABLE_USER_SCRIPT_SANDBOXING = YES;
				GCC_C_LANGUAGE_STANDARD = gnu17;
				GCC_DYNAMIC_NO_PIC = NO;
				GCC_NO_COMMON_BLOCKS = YES;
				GCC_OPTIMIZATION_LEVEL = 0;
				GCC_PREPROCESSOR_DEFINITIONS = (
					"DEBUG=1",
					"$(inherited)",
				);
				GCC_WARN_64_TO_32_BIT_CONVERSION = YES;
				GCC_WARN_ABOUT_RETURN_TYPE = YES_ERROR;
				GCC_WARN_UNDECLARED_SELECTOR = YES;
				GCC_WARN_UNINITIALIZED_AUTOS = YES_AGGRESSIVE;
				GCC_WARN_UNUSED_FUNCTION = YES;
				GCC_WARN_UNUSED_VARIABLE = YES;
				IPHONEOS_DEPLOYMENT_TARGET = 17.5;
				LOCALIZATION_PREFERS_STRING_CATALOGS = YES;
				MTL_ENABLE_DEBUG_INFO = INCLUDE_SOURCE;
				MTL_FAST_MATH = YES;
				ONLY_ACTIVE_ARCH = YES;
				SDKROOT = iphoneos;
				SWIFT_ACTIVE_COMPILATION_CONDITIONS = "DEBUG $(inherited)";
				SWIFT_OPTIMIZATION_LEVEL = "-Onone";
			};
			name = Debug;
		};
		E99B3A312CA800C0000847E8 /* Release */ = {
			isa = XCBuildConfiguration;
			buildSettings = {
				ALWAYS_SEARCH_USER_PATHS = NO;
				ASSETCATALOG_COMPILER_GENERATE_SWIFT_ASSET_SYMBOL_EXTENSIONS = YES;
				CLANG_ANALYZER_NONNULL = YES;
				CLANG_ANALYZER_NUMBER_OBJECT_CONVERSION = YES_AGGRESSIVE;
				CLANG_CXX_LANGUAGE_STANDARD = "gnu++20";
				CLANG_ENABLE_MODULES = YES;
				CLANG_ENABLE_OBJC_ARC = YES;
				CLANG_ENABLE_OBJC_WEAK = YES;
				CLANG_WARN_BLOCK_CAPTURE_AUTORELEASING = YES;
				CLANG_WARN_BOOL_CONVERSION = YES;
				CLANG_WARN_COMMA = YES;
				CLANG_WARN_CONSTANT_CONVERSION = YES;
				CLANG_WARN_DEPRECATED_OBJC_IMPLEMENTATIONS = YES;
				CLANG_WARN_DIRECT_OBJC_ISA_USAGE = YES_ERROR;
				CLANG_WARN_DOCUMENTATION_COMMENTS = YES;
				CLANG_WARN_EMPTY_BODY = YES;
				CLANG_WARN_ENUM_CONVERSION = YES;
				CLANG_WARN_INFINITE_RECURSION = YES;
				CLANG_WARN_INT_CONVERSION = YES;
				CLANG_WARN_NON_LITERAL_NULL_CONVERSION = YES;
				CLANG_WARN_OBJC_IMPLICIT_RETAIN_SELF = YES;
				CLANG_WARN_OBJC_LITERAL_CONVERSION = YES;
				CLANG_WARN_OBJC_ROOT_CLASS = YES_ERROR;
				CLANG_WARN_QUOTED_INCLUDE_IN_FRAMEWORK_HEADER = YES;
				CLANG_WARN_RANGE_LOOP_ANALYSIS = YES;
				CLANG_WARN_STRICT_PROTOTYPES = YES;
				CLANG_WARN_SUSPICIOUS_MOVE = YES;
				CLANG_WARN_UNGUARDED_AVAILABILITY = YES_AGGRESSIVE;
				CLANG_WARN_UNREACHABLE_CODE = YES;
				CLANG_WARN__DUPLICATE_METHOD_MATCH = YES;
				COPY_PHASE_STRIP = NO;
				DEBUG_INFORMATION_FORMAT = "dwarf-with-dsym";
				ENABLE_NS_ASSERTIONS = NO;
				ENABLE_STRICT_OBJC_MSGSEND = YES;
				ENABLE_USER_SCRIPT_SANDBOXING = YES;
				GCC_C_LANGUAGE_STANDARD = gnu17;
				GCC_NO_COMMON_BLOCKS = YES;
				GCC_WARN_64_TO_32_BIT_CONVERSION = YES;
				GCC_WARN_ABOUT_RETURN_TYPE = YES_ERROR;
				GCC_WARN_UNDECLARED_SELECTOR = YES;
				GCC_WARN_UNINITIALIZED_AUTOS = YES_AGGRESSIVE;
				GCC_WARN_UNUSED_FUNCTION = YES;
				GCC_WARN_UNUSED_VARIABLE = YES;
				IPHONEOS_DEPLOYMENT_TARGET = 17.5;
				LOCALIZATION_PREFERS_STRING_CATALOGS = YES;
				MTL_ENABLE_DEBUG_INFO = NO;
				MTL_FAST_MATH = YES;
				SDKROOT = iphoneos;
				SWIFT_COMPILATION_MODE = wholemodule;
				VALIDATE_PRODUCT = YES;
			};
			name = Release;
		};
		E99B3A332CA800C0000847E8 /* Debug */ = {
			isa = XCBuildConfiguration;
			buildSettings = {
				ASSETCATALOG_COMPILER_APPICON_NAME = AppIcon;
				ASSETCATALOG_COMPILER_GLOBAL_ACCENT_COLOR_NAME = AccentColor;
				CODE_SIGN_STYLE = Automatic;
				CURRENT_PROJECT_VERSION = 1;
				DEVELOPMENT_ASSET_PATHS = "\"TestTask/Resources/Preview Content\"";
				DEVELOPMENT_TEAM = H7FZ5R94DD;
				ENABLE_PREVIEWS = YES;
				GENERATE_INFOPLIST_FILE = YES;
				INFOPLIST_FILE = TestTask/Resources/Info.plist;
				INFOPLIST_KEY_UIApplicationSceneManifest_Generation = YES;
				INFOPLIST_KEY_UIApplicationSupportsIndirectInputEvents = YES;
				INFOPLIST_KEY_UILaunchScreen_Generation = YES;
				INFOPLIST_KEY_UIStatusBarStyle = UIStatusBarStyleLightContent;
				INFOPLIST_KEY_UISupportedInterfaceOrientations = UIInterfaceOrientationPortrait;
				INFOPLIST_KEY_UISupportedInterfaceOrientations_iPad = "UIInterfaceOrientationLandscapeLeft UIInterfaceOrientationLandscapeRight UIInterfaceOrientationPortrait UIInterfaceOrientationPortraitUpsideDown";
				IPHONEOS_DEPLOYMENT_TARGET = 16.0;
				LD_RUNPATH_SEARCH_PATHS = (
					"$(inherited)",
					"@executable_path/Frameworks",
				);
				MARKETING_VERSION = 1.0;
				PRODUCT_BUNDLE_IDENTIFIER = com.pavela.TestTask;
				PRODUCT_NAME = "$(TARGET_NAME)";
				SUPPORTED_PLATFORMS = "iphoneos iphonesimulator";
				SUPPORTS_MACCATALYST = NO;
				SUPPORTS_MAC_DESIGNED_FOR_IPHONE_IPAD = NO;
				SUPPORTS_XR_DESIGNED_FOR_IPHONE_IPAD = NO;
				SWIFT_EMIT_LOC_STRINGS = YES;
				SWIFT_VERSION = 5.0;
				TARGETED_DEVICE_FAMILY = 1;
			};
			name = Debug;
		};
		E99B3A342CA800C0000847E8 /* Release */ = {
			isa = XCBuildConfiguration;
			buildSettings = {
				ASSETCATALOG_COMPILER_APPICON_NAME = AppIcon;
				ASSETCATALOG_COMPILER_GLOBAL_ACCENT_COLOR_NAME = AccentColor;
				CODE_SIGN_STYLE = Automatic;
				CURRENT_PROJECT_VERSION = 1;
				DEVELOPMENT_ASSET_PATHS = "\"TestTask/Resources/Preview Content\"";
				DEVELOPMENT_TEAM = H7FZ5R94DD;
				ENABLE_PREVIEWS = YES;
				GENERATE_INFOPLIST_FILE = YES;
				INFOPLIST_FILE = TestTask/Resources/Info.plist;
				INFOPLIST_KEY_UIApplicationSceneManifest_Generation = YES;
				INFOPLIST_KEY_UIApplicationSupportsIndirectInputEvents = YES;
				INFOPLIST_KEY_UILaunchScreen_Generation = YES;
				INFOPLIST_KEY_UIStatusBarStyle = UIStatusBarStyleLightContent;
				INFOPLIST_KEY_UISupportedInterfaceOrientations = UIInterfaceOrientationPortrait;
				INFOPLIST_KEY_UISupportedInterfaceOrientations_iPad = "UIInterfaceOrientationLandscapeLeft UIInterfaceOrientationLandscapeRight UIInterfaceOrientationPortrait UIInterfaceOrientationPortraitUpsideDown";
				IPHONEOS_DEPLOYMENT_TARGET = 16.0;
				LD_RUNPATH_SEARCH_PATHS = (
					"$(inherited)",
					"@executable_path/Frameworks",
				);
				MARKETING_VERSION = 1.0;
				PRODUCT_BUNDLE_IDENTIFIER = com.pavela.TestTask;
				PRODUCT_NAME = "$(TARGET_NAME)";
				SUPPORTED_PLATFORMS = "iphoneos iphonesimulator";
				SUPPORTS_MACCATALYST = NO;
				SUPPORTS_MAC_DESIGNED_FOR_IPHONE_IPAD = NO;
				SUPPORTS_XR_DESIGNED_FOR_IPHONE_IPAD = NO;
				SWIFT_EMIT_LOC_STRINGS = YES;
				SWIFT_VERSION = 5.0;
				TARGETED_DEVICE_FAMILY = 1;
			};
			name = Release;
		};
/* End XCBuildConfiguration section */

/* Begin XCConfigurationList section */
		E99B3A1F2CA800BE000847E8 /* Build configuration list for PBXProject "TestTask" */ = {
			isa = XCConfigurationList;
			buildConfigurations = (
				E99B3A302CA800C0000847E8 /* Debug */,
				E99B3A312CA800C0000847E8 /* Release */,
			);
			defaultConfigurationIsVisible = 0;
			defaultConfigurationName = Release;
		};
		E99B3A322CA800C0000847E8 /* Build configuration list for PBXNativeTarget "TestTask" */ = {
			isa = XCConfigurationList;
			buildConfigurations = (
				E99B3A332CA800C0000847E8 /* Debug */,
				E99B3A342CA800C0000847E8 /* Release */,
			);
			defaultConfigurationIsVisible = 0;
			defaultConfigurationName = Release;
		};
/* End XCConfigurationList section */
	};
	rootObject = E99B3A1C2CA800BE000847E8 /* Project object */;
}
